
Microsoft Visual Studio Solution File, Format Version 12.00
# Visual Studio Version 17
VisualStudioVersion = 17.2.32408.312
MinimumVisualStudioVersion = 10.0.40219.1
Project("{FAE04EC0-301F-11D3-BF4B-00C04F79EFBC}") = "common", "common.csproj", "{75112DC9-EF67-4F5A-9708-B6F543BDC732}"
EndProject
Global
	GlobalSection(SolutionConfigurationPlatforms) = preSolution
		Debug|Any CPU = Debug|Any CPU
		Release|Any CPU = Release|Any CPU
	EndGlobalSection
	GlobalSection(ProjectConfigurationPlatforms) = postSolution
		{75112DC9-EF67-4F5A-9708-B6F543BDC732}.Debug|Any CPU.ActiveCfg = Debug|Any CPU
		{75112DC9-EF67-4F5A-9708-B6F543BDC732}.Debug|Any CPU.Build.0 = Debug|Any CPU
		{75112DC9-EF67-4F5A-9708-B6F543BDC732}.Release|Any CPU.ActiveCfg = Release|Any CPU
		{75112DC9-EF67-4F5A-9708-B6F543BDC732}.Release|Any CPU.Build.0 = Release|Any CPU
	EndGlobalSection
	GlobalSection(SolutionProperties) = preSolution
		HideSolutionNode = FALSE
	EndGlobalSection
	GlobalSection(ExtensibilityGlobals) = postSolution
		SolutionGuid = {A8428B49-9238-4F18-B62A-DC3AEADB56EF}
	EndGlobalSection
EndGlobal
