
Microsoft Visual Studio Solution File, Format Version 12.00
# Visual Studio Version 17
VisualStudioVersion = 17.1.32210.238
MinimumVisualStudioVersion = 10.0.40219.1
Project("{FAE04EC0-301F-11D3-BF4B-00C04F79EFBC}") = "valszeg", "valszeg.csproj", "{74979239-6742-4870-AA87-85C716E0B815}"
EndProject
Global
	GlobalSection(SolutionConfigurationPlatforms) = preSolution
		Debug|Any CPU = Debug|Any CPU
		Release|Any CPU = Release|Any CPU
	EndGlobalSection
	GlobalSection(ProjectConfigurationPlatforms) = postSolution
		{74979239-6742-4870-AA87-85C716E0B815}.Debug|Any CPU.ActiveCfg = Debug|Any CPU
		{74979239-6742-4870-AA87-85C716E0B815}.Debug|Any CPU.Build.0 = Debug|Any CPU
		{74979239-6742-4870-AA87-85C716E0B815}.Release|Any CPU.ActiveCfg = Release|Any CPU
		{74979239-6742-4870-AA87-85C716E0B815}.Release|Any CPU.Build.0 = Release|Any CPU
	EndGlobalSection
	GlobalSection(SolutionProperties) = preSolution
		HideSolutionNode = FALSE
	EndGlobalSection
	GlobalSection(ExtensibilityGlobals) = postSolution
		SolutionGuid = {F1F00B3D-9419-47E3-8FCD-0DCD01B4BE4C}
	EndGlobalSection
EndGlobal
